
Microsoft Visual Studio Solution File, Format Version 12.00
# Visual Studio Version 16
VisualStudioVersion = 16.0.31410.357
MinimumVisualStudioVersion = 10.0.40219.1
Project("{FAE04EC0-301F-11D3-BF4B-00C04F79EFBC}") = "aros-hi", "aros-hi\aros-hi.csproj", "{F86CD98E-667E-4F9C-AC30-D40D505E071B}"
EndProject
Global
	GlobalSection(SolutionConfigurationPlatforms) = preSolution
		Debug|Any CPU = Debug|Any CPU
		Release|Any CPU = Release|Any CPU
	EndGlobalSection
	GlobalSection(ProjectConfigurationPlatforms) = postSolution
		{F86CD98E-667E-4F9C-AC30-D40D505E071B}.Debug|Any CPU.ActiveCfg = Debug|Any CPU
		{F86CD98E-667E-4F9C-AC30-D40D505E071B}.Debug|Any CPU.Build.0 = Debug|Any CPU
		{F86CD98E-667E-4F9C-AC30-D40D505E071B}.Release|Any CPU.ActiveCfg = Release|Any CPU
		{F86CD98E-667E-4F9C-AC30-D40D505E071B}.Release|Any CPU.Build.0 = Release|Any CPU
	EndGlobalSection
	GlobalSection(SolutionProperties) = preSolution
		HideSolutionNode = FALSE
	EndGlobalSection
	GlobalSection(ExtensibilityGlobals) = postSolution
		SolutionGuid = {525631D8-3BD1-49A1-AE53-D6997168B93C}
	EndGlobalSection
EndGlobal
